<?xml version="1.0" ?>
<CodeBench_Project name="AmiMarkdown" path="DH6:Projects/ami-markdown/AmiMarkdown.cbp" created="1357141115" lastmodified="1357581526">
	<plugin name="PROGDIR:Plugins/AmigaOS4SDK.CCPlugin" flags="528" />
	<target />
	<homedir name="DH6:Projects/ami-markdown" />
	<compiler name="gcc:bin/gcc" switches=" -Werror -Wwrite-strings -I SDK:MUI&#047;C&#047;Include -Iinclude -Imd4c&#047;src -DAMIGA=1 -D_DBUG=1" stack="131072" />
	<debugger name="SDK:c/gdb" addsymbols="1"/>
	<builder name="SDK:c/make -f" />
	<environment tabsize="2" />
	<headers>
		<file name="include/md_to_html.h" open="0" />
		<file name="include/memory_buffer.h" open="0" />
		<file name="include/debugging_utils.h" open="1" current="1" top="0" left="0" line="10" row="2" />
		<file name="include/editor_gadget.h" open="0" />
		<file name="include/viewer_gadget.h" open="1" top="0" left="0" line="21" row="0" />
		<file name="include/gui.h" open="1" top="0" left="0" line="25" row="41" />
		<file name="md4c/src/entity.h" open="0" />
		<file name="md4c/src/md4c.h" open="0" />
		<file name="md4c/src/md4c-html.h" open="0" />
		<file name="include/prefs.h" open="1" top="0" left="0" line="43" row="8" />
		<file name="include/settings_gadget.h" open="1" top="18" left="0" line="69" row="23" />
	</headers>
	<sources>
		<file name="src/amimd.c" open="1" top="103" left="0" line="119" row="6" />
		<file name="src/editor_gadget.c" open="1" top="435" left="0" line="446" row="16" />
		<file name="src/gui.c" open="1" top="159" left="0" line="176" row="5" />
		<file name="src/md_to_html.c" open="1" top="95" left="0" line="131" row="23" />
		<file name="src/memory_buffer.c" open="1" top="25" left="0" line="59" row="43" />
		<file name="src/viewer_gadget.c" open="0" />
		<file name="md4c/src/entity.c" open="0" />
		<file name="md4c/src/md4c.c" open="0" />
		<file name="md4c/src/md4c-html.c" open="0" />
		<file name="src/prefs.c" open="1" top="18" left="0" line="67" row="11" />
		<file name="src/settings_gadget.c" open="1" top="127" left="0" line="138" row="37" />
	</sources>
	<flags value="0x0000000002078005" />
	<buildscript name="Makefile" depth="3" open="0" />
	<projectnotes open="0" />
	<buildwindow open="1" />
	<targets>
		<target name="AmiMarkdown" linker="gcc:bin/gcc" switches="-lauto" flags="0x00000002" >
			<file name="src/amimd.c" />
			<file name="src/editor_gadget.c" />
			<file name="src/gui.c" />
			<file name="src/md_to_html.c" />
			<file name="src/memory_buffer.c" />
			<file name="src/settings_gadget.c" />
			<file name="src/viewer_gadget.c" />
			<file name="md4c/src/entity.c" />
			<file name="md4c/src/md4c.c" />
			<file name="md4c/src/md4c-html.c" />
			<file name="src/prefs.c" />
		</target>
	</targets>
	<logfile name="RAM Disk:Build.log" />
	<search lastsearch="filename_length" sensecase="1" replace_state="0" replace_string="MarkdownSettings "/>
</CodeBench_Project>