<?xml version="1.0" ?>
<CodeBench_Project name="AmiMarkdown" path="DH6:Projects&#047;ami-markdown&#047;AmiMarkdown.cbp" created="1357141115" lastmodified="1358510124">
	<plugin name="PROGDIR:Plugins&#047;AmigaOS4SDK.CCPlugin" flags="528"/>
	<target/>
	<homedir name="DH6:Projects&#047;ami-markdown"/>
	<includedir name="DH6:Projects&#047;ami-markdown&#047;include"/>
	<compiler name="gcc:bin&#047;gcc" switches=" -Werror -Wwrite-strings -Wextra -I SDK:MUI&#047;C&#047;Include -Iinclude -Imd4c&#047;src -ISDK:include&#047;include_h&#047;jansson -DAMIGA=1 -D_DBUG=1" stack="131072"/>
	<linker switches="-lauto"/>
	<debugger name="SDK:c&#047;gdb" addsymbols="1"/>
	<builder name="SDK:c&#047;make -f"/>
	<environment tabsize="2"/>
	<headers>
		<file name="DH6:Projects&#047;ami-markdown&#047;include&#047;info_gadget.h" open="0"/>
		<file name="DH6:Projects&#047;ami-markdown&#047;include&#047;json_util.h" open="1" top="14" left="0" line="25" row="23"/>
		<file name="DH6:Projects&#047;ami-markdown&#047;include&#047;hyperlink_editor.h" open="0"/>
		<file name="DH6:Projects&#047;ami-markdown&#047;include&#047;table_editor.h" open="1" top="0" left="0" line="28" row="27"/>
		<file name="include&#047;byte_buffer.h" open="0"/>
		<file name="include&#047;string_utils.h" open="0"/>
		<file name="include&#047;md_to_html.h" open="0"/>
		<file name="include&#047;debugging_utils.h" open="0"/>
		<file name="include&#047;editor_gadget.h" open="0"/>
		<file name="include&#047;viewer_gadget.h" open="1" top="0" left="0" line="1" row="0"/>
		<file name="include&#047;gui.h" open="1" top="0" left="0" line="34" row="0"/>
		<file name="md4c&#047;src&#047;entity.h" open="0"/>
		<file name="md4c&#047;src&#047;md4c.h" open="0"/>
		<file name="md4c&#047;src&#047;md4c-html.h" open="0"/>
		<file name="include&#047;prefs.h" open="0"/>
		<file name="include&#047;settings_gadget.h" open="1" top="0" left="0" line="1" row="0"/>
		<file name="DH6:Projects&#047;ami-markdown&#047;include&#047;image_editor.h" open="0"/>
		<file name="DH6:Projects&#047;ami-markdown&#047;include&#047;search_gadget.h" open="1" top="0" left="0" line="8" row="2"/>
	</headers>
	<sources>
		<file name="src&#047;info_gadget.c" open="0"/>
		<file name="src&#047;json_util.c" open="1" top="17" left="0" line="31" row="0"/>
		<file name="src&#047;hyperlink_editor.c" open="0"/>
		<file name="src&#047;table_editor.c" open="1" top="299" left="0" line="306" row="39"/>
		<file name="src&#047;byte_buffer.c" open="0"/>
		<file name="src&#047;string_utils.c" open="0"/>
		<file name="src&#047;amimd.c" open="1" top="12" left="0" line="19" row="25"/>
		<file name="src&#047;editor_gadget.c" open="1" top="110" left="0" line="669" row="68"/>
		<file name="src&#047;gui.c" open="1" top="527" left="0" line="563" row="68"/>
		<file name="src&#047;md_to_html.c" open="0"/>
		<file name="src&#047;viewer_gadget.c" open="0"/>
		<file name="md4c&#047;src&#047;entity.c" open="0"/>
		<file name="md4c&#047;src&#047;md4c.c" open="0"/>
		<file name="md4c&#047;src&#047;md4c-html.c" open="0"/>
		<file name="src&#047;prefs.c" open="1" top="72" left="0" line="72" row="29"/>
		<file name="src&#047;settings_gadget.c" open="1" top="133" left="0" line="163" row="56"/>
		<file name="src&#047;image_editor.c" open="1" top="175" left="0" line="175" row="0"/>
		<file name="src&#047;search_gadget.c" open="1" current="1" top="181" left="0" line="194" row="13"/>
	</sources>
	<flags value="0x0000000002078044"/>
	<buildscript name="Makefile" depth="3" open="0"/>
	<projectnotes open="0"/>
	<buildwindow open="1"/>
	<targets>
		<target name="AmiMarkdown" linker="gcc:bin&#047;gcc" switches="-lauto" flags="0x00000002">
			<file name="src&#047;amimd.c"/>
			<file name="src&#047;editor_gadget.c"/>
			<file name="src&#047;gui.c"/>
			<file name="src&#047;md_to_html.c"/>
			<file name="src&#047;settings_gadget.c"/>
			<file name="src&#047;viewer_gadget.c"/>
			<file name="md4c&#047;src&#047;entity.c"/>
			<file name="md4c&#047;src&#047;md4c.c"/>
			<file name="md4c&#047;src&#047;md4c-html.c"/>
			<file name="src&#047;prefs.c"/>
			<file name="src&#047;byte_buffer.c"/>
			<file name="src&#047;string_utils.c"/>
			<file name="src&#047;image_editor.c"/>
			<file name="src&#047;table_editor.c"/>
			<file name="src&#047;hyperlink_editor.c"/>
			<file name="src&#047;json_util.c"/>
			<file name="src&#047;search_gadget.c"/>
			<file name="src&#047;info_gadget.c"/>
		</target>
	</targets>
	<logfile name="RAM Disk:Build.log"/>
	<search lastsearch="GRASSROOTS_UTIL_API " sensecase="1" replace_state="1" replace_string="IJansson"/>
</CodeBench_Project>
